// !$*UTF8*$!
{
	archiveVersion = 1;
	classes = {
	};
	objectVersion = 50;
	objects = {

/* Begin PBXBuildFile section */
		F3041E8D214A22AC005F7072 /* Focus.storyboard in Resources */ = {isa = PBXBuildFile; fileRef = F3041E8C214A22AC005F7072 /* Focus.storyboard */; };
		F3041E8F214A232D005F7072 /* UIFocusItemContainer.storyboard in Resources */ = {isa = PBXBuildFile; fileRef = F3041E8E214A232D005F7072 /* UIFocusItemContainer.storyboard */; };
		F3041E93214A251A005F7072 /* CanvasView.swift in Sources */ = {isa = PBXBuildFile; fileRef = F3041E92214A251A005F7072 /* CanvasView.swift */; };
		F3041E95214A6904005F7072 /* DoubleFocusItemContainer.storyboard in Resources */ = {isa = PBXBuildFile; fileRef = F3041E94214A6904005F7072 /* DoubleFocusItemContainer.storyboard */; };
		F3041E97214B1959005F7072 /* UIFocusItemContainerWithMovement.storyboard in Resources */ = {isa = PBXBuildFile; fileRef = F3041E96214B1959005F7072 /* UIFocusItemContainerWithMovement.storyboard */; };
		F3041E99214B1A2E005F7072 /* MoveCanvasView.swift in Sources */ = {isa = PBXBuildFile; fileRef = F3041E98214B1A2E005F7072 /* MoveCanvasView.swift */; };
		F3041E9B214B8387005F7072 /* UIKitBaseCanvasView.swift in Sources */ = {isa = PBXBuildFile; fileRef = F3041E9A214B8387005F7072 /* UIKitBaseCanvasView.swift */; };
		F3041E9D214B839F005F7072 /* UIKitBaseContainer.storyboard in Resources */ = {isa = PBXBuildFile; fileRef = F3041E9C214B839F005F7072 /* UIKitBaseContainer.storyboard */; };
		F3041E9F214B8EE8005F7072 /* ScrollableCanvasView.swift in Sources */ = {isa = PBXBuildFile; fileRef = F3041E9E214B8EE7005F7072 /* ScrollableCanvasView.swift */; };
		F3041EA1214B8EF6005F7072 /* UIFocusItemScrollableContainer.storyboard in Resources */ = {isa = PBXBuildFile; fileRef = F3041EA0214B8EF6005F7072 /* UIFocusItemScrollableContainer.storyboard */; };
		F3108D062133A43700E9B6B2 /* TVDigitEntrySampleViewController.swift in Sources */ = {isa = PBXBuildFile; fileRef = F3108D052133A43700E9B6B2 /* TVDigitEntrySampleViewController.swift */; };
		F3108D082133A44900E9B6B2 /* TVDigitEntryViewController.storyboard in Resources */ = {isa = PBXBuildFile; fileRef = F3108D072133A44900E9B6B2 /* TVDigitEntryViewController.storyboard */; };
		F3108D0A2133A5EC00E9B6B2 /* TVLockupView.storyboard in Resources */ = {isa = PBXBuildFile; fileRef = F3108D092133A5EC00E9B6B2 /* TVLockupView.storyboard */; };
		F3108D0C2133A60D00E9B6B2 /* TVLockupViewSampleController.swift in Sources */ = {isa = PBXBuildFile; fileRef = F3108D0B2133A60D00E9B6B2 /* TVLockupViewSampleController.swift */; };
		F33CB4ED2138F69300D81ADB /* Debug.storyboard in Resources */ = {isa = PBXBuildFile; fileRef = F33CB4EC2138F69300D81ADB /* Debug.storyboard */; };
		F33CB4EF2138F7DB00D81ADB /* RawCollectionView.storyboard in Resources */ = {isa = PBXBuildFile; fileRef = F33CB4EE2138F7DB00D81ADB /* RawCollectionView.storyboard */; };
		F33CB4F12138F8E000D81ADB /* RawCollectionViewSampleController.swift in Sources */ = {isa = PBXBuildFile; fileRef = F33CB4F02138F8DF00D81ADB /* RawCollectionViewSampleController.swift */; };
		F33CB4F32138FB1D00D81ADB /* RawCollectionViewWithButtonSampleController.swift in Sources */ = {isa = PBXBuildFile; fileRef = F33CB4F22138FB1D00D81ADB /* RawCollectionViewWithButtonSampleController.swift */; };
		F33CB4F52138FBC100D81ADB /* RawCollectionViewWithButton.storyboard in Resources */ = {isa = PBXBuildFile; fileRef = F33CB4F42138FBC100D81ADB /* RawCollectionViewWithButton.storyboard */; };
		F33CB4F72138FD3100D81ADB /* FocusableCollectionViewSampleController.swift in Sources */ = {isa = PBXBuildFile; fileRef = F33CB4F62138FD3000D81ADB /* FocusableCollectionViewSampleController.swift */; };
		F33CB4F92138FD4400D81ADB /* FocusableRawCollectionView.storyboard in Resources */ = {isa = PBXBuildFile; fileRef = F33CB4F82138FD4400D81ADB /* FocusableRawCollectionView.storyboard */; };
		F33CB4FB2138FDC200D81ADB /* FocusableImageView.swift in Sources */ = {isa = PBXBuildFile; fileRef = F33CB4FA2138FDC200D81ADB /* FocusableImageView.swift */; };
		F350738B214CAD2C00FD897F /* Accessibility.storyboard in Resources */ = {isa = PBXBuildFile; fileRef = F350738A214CAD2C00FD897F /* Accessibility.storyboard */; };
		F350738D214CAD8400FD897F /* AccessibilitySampleViewController.swift in Sources */ = {isa = PBXBuildFile; fileRef = F350738C214CAD8400FD897F /* AccessibilitySampleViewController.swift */; };
		F35794E52147B2A600C466E6 /* UIKit.storyboard in Resources */ = {isa = PBXBuildFile; fileRef = F35794E42147B2A600C466E6 /* UIKit.storyboard */; };
		F35794E72147B2FE00C466E6 /* UILabel.storyboard in Resources */ = {isa = PBXBuildFile; fileRef = F35794E62147B2FE00C466E6 /* UILabel.storyboard */; };
		F35794E92147B4A400C466E6 /* UILabelSampleViewController.swift in Sources */ = {isa = PBXBuildFile; fileRef = F35794E82147B4A400C466E6 /* UILabelSampleViewController.swift */; };
		F35879742135722B008C4697 /* FaceView.swift in Sources */ = {isa = PBXBuildFile; fileRef = F35879732135722B008C4697 /* FaceView.swift */; };
		F358797621357239008C4697 /* FaceView.xib in Resources */ = {isa = PBXBuildFile; fileRef = F358797521357239008C4697 /* FaceView.xib */; };
		F358797821357373008C4697 /* UIView+Inspectable.swift in Sources */ = {isa = PBXBuildFile; fileRef = F358797721357373008C4697 /* UIView+Inspectable.swift */; };
		F398D3402131402D00F4E075 /* TVPosterView.storyboard in Resources */ = {isa = PBXBuildFile; fileRef = F398D33F2131402D00F4E075 /* TVPosterView.storyboard */; };
		F398D342213143B700F4E075 /* TVPosterViewSampleController.swift in Sources */ = {isa = PBXBuildFile; fileRef = F398D341213143B700F4E075 /* TVPosterViewSampleController.swift */; };
		F398D348213145B700F4E075 /* UIView+Utils.swift in Sources */ = {isa = PBXBuildFile; fileRef = F398D347213145B700F4E075 /* UIView+Utils.swift */; };
		F398D34D21325B9D00F4E075 /* Book.swift in Sources */ = {isa = PBXBuildFile; fileRef = F398D34A21325B9D00F4E075 /* Book.swift */; };
		F398D34E21325B9D00F4E075 /* SampleBooks.swift in Sources */ = {isa = PBXBuildFile; fileRef = F398D34C21325B9D00F4E075 /* SampleBooks.swift */; };
		F3B28C87213740880076E8A2 /* PasswordAutoFill.storyboard in Resources */ = {isa = PBXBuildFile; fileRef = F3B28C86213740880076E8A2 /* PasswordAutoFill.storyboard */; };
		F3B28C892137453E0076E8A2 /* PasswordAutoFillSampleViewController.swift in Sources */ = {isa = PBXBuildFile; fileRef = F3B28C882137453E0076E8A2 /* PasswordAutoFillSampleViewController.swift */; };
		F3C03F5E212E9E62002F69C2 /* AppDelegate.swift in Sources */ = {isa = PBXBuildFile; fileRef = F3C03F58212E9E62002F69C2 /* AppDelegate.swift */; };
		F3C03F5F212E9E62002F69C2 /* Main.storyboard in Resources */ = {isa = PBXBuildFile; fileRef = F3C03F5B212E9E62002F69C2 /* Main.storyboard */; };
		F3C03F60212E9E62002F69C2 /* Assets.xcassets in Resources */ = {isa = PBXBuildFile; fileRef = F3C03F5C212E9E62002F69C2 /* Assets.xcassets */; };
		F3C03F62212E9EEE002F69C2 /* TVUIKit.storyboard in Resources */ = {isa = PBXBuildFile; fileRef = F3C03F61212E9EEE002F69C2 /* TVUIKit.storyboard */; };
		F3CD46622136A2EE00E8BE4F /* AppDelegate.swift in Sources */ = {isa = PBXBuildFile; fileRef = F3CD46612136A2EE00E8BE4F /* AppDelegate.swift */; };
		F3CD46642136A2EE00E8BE4F /* ViewController.swift in Sources */ = {isa = PBXBuildFile; fileRef = F3CD46632136A2EE00E8BE4F /* ViewController.swift */; };
		F3CD46672136A2EE00E8BE4F /* Main.storyboard in Resources */ = {isa = PBXBuildFile; fileRef = F3CD46652136A2EE00E8BE4F /* Main.storyboard */; };
		F3CD46692136A2F000E8BE4F /* Assets.xcassets in Resources */ = {isa = PBXBuildFile; fileRef = F3CD46682136A2F000E8BE4F /* Assets.xcassets */; };
		F3CD466C2136A2F000E8BE4F /* LaunchScreen.storyboard in Resources */ = {isa = PBXBuildFile; fileRef = F3CD466A2136A2F000E8BE4F /* LaunchScreen.storyboard */; };
		F3E9C2B12132AEB500AD96F3 /* BookCardView.xib in Resources */ = {isa = PBXBuildFile; fileRef = F3E9C2B02132AEB500AD96F3 /* BookCardView.xib */; };
		F3E9C2B42132AFE700AD96F3 /* BookCardView.swift in Sources */ = {isa = PBXBuildFile; fileRef = F3E9C2B32132AFE700AD96F3 /* BookCardView.swift */; };
		F3E9C2B62132B0F500AD96F3 /* TVCardView.storyboard in Resources */ = {isa = PBXBuildFile; fileRef = F3E9C2B52132B0F500AD96F3 /* TVCardView.storyboard */; };
		F3E9C2B82132B13400AD96F3 /* TVCardViewSampleViewController.swift in Sources */ = {isa = PBXBuildFile; fileRef = F3E9C2B72132B13400AD96F3 /* TVCardViewSampleViewController.swift */; };
		F3E9C2BC2132B67600AD96F3 /* UINib+Util.swift in Sources */ = {isa = PBXBuildFile; fileRef = F3E9C2BB2132B67600AD96F3 /* UINib+Util.swift */; };
		F3E9C2BE2132F83C00AD96F3 /* TVMonogramViewSampleViewController.swift in Sources */ = {isa = PBXBuildFile; fileRef = F3E9C2BD2132F83C00AD96F3 /* TVMonogramViewSampleViewController.swift */; };
		F3E9C2C02132F85100AD96F3 /* TVMonogramView.storyboard in Resources */ = {isa = PBXBuildFile; fileRef = F3E9C2BF2132F85100AD96F3 /* TVMonogramView.storyboard */; };
		F3E9C2C22132FA5500AD96F3 /* SampleAuthors.swift in Sources */ = {isa = PBXBuildFile; fileRef = F3E9C2C12132FA5500AD96F3 /* SampleAuthors.swift */; };
		F3E9C2C42132FA5C00AD96F3 /* Author.swift in Sources */ = {isa = PBXBuildFile; fileRef = F3E9C2C32132FA5C00AD96F3 /* Author.swift */; };
		F3F80B69213290190086BBFB /* ButtonObject.swift in Sources */ = {isa = PBXBuildFile; fileRef = F3F80B68213290190086BBFB /* ButtonObject.swift */; };
		F3F80B6B213290D20086BBFB /* SampleButtonObjects.swift in Sources */ = {isa = PBXBuildFile; fileRef = F3F80B6A213290D20086BBFB /* SampleButtonObjects.swift */; };
		F3F80B6D2132911E0086BBFB /* TVCaptionButtonView.storyboard in Resources */ = {isa = PBXBuildFile; fileRef = F3F80B6C2132911E0086BBFB /* TVCaptionButtonView.storyboard */; };
		F3F80B6F213292630086BBFB /* TVCaptionButtonViewSampleController.swift in Sources */ = {isa = PBXBuildFile; fileRef = F3F80B6E213292620086BBFB /* TVCaptionButtonViewSampleController.swift */; };
/* End PBXBuildFile section */

/* Begin PBXFileReference section */
		F3041E8C214A22AC005F7072 /* Focus.storyboard */ = {isa = PBXFileReference; lastKnownFileType = file.storyboard; path = Focus.storyboard; sourceTree = "<group>"; };
		F3041E8E214A232D005F7072 /* UIFocusItemContainer.storyboard */ = {isa = PBXFileReference; lastKnownFileType = file.storyboard; path = UIFocusItemContainer.storyboard; sourceTree = "<group>"; };
		F3041E92214A251A005F7072 /* CanvasView.swift */ = {isa = PBXFileReference; fileEncoding = 4; lastKnownFileType = sourcecode.swift; path = CanvasView.swift; sourceTree = "<group>"; };
		F3041E94214A6904005F7072 /* DoubleFocusItemContainer.storyboard */ = {isa = PBXFileReference; lastKnownFileType = file.storyboard; path = DoubleFocusItemContainer.storyboard; sourceTree = "<group>"; };
		F3041E96214B1959005F7072 /* UIFocusItemContainerWithMovement.storyboard */ = {isa = PBXFileReference; lastKnownFileType = file.storyboard; path = UIFocusItemContainerWithMovement.storyboard; sourceTree = "<group>"; };
		F3041E98214B1A2E005F7072 /* MoveCanvasView.swift */ = {isa = PBXFileReference; fileEncoding = 4; lastKnownFileType = sourcecode.swift; path = MoveCanvasView.swift; sourceTree = "<group>"; };
		F3041E9A214B8387005F7072 /* UIKitBaseCanvasView.swift */ = {isa = PBXFileReference; fileEncoding = 4; lastKnownFileType = sourcecode.swift; path = UIKitBaseCanvasView.swift; sourceTree = "<group>"; };
		F3041E9C214B839F005F7072 /* UIKitBaseContainer.storyboard */ = {isa = PBXFileReference; lastKnownFileType = file.storyboard; path = UIKitBaseContainer.storyboard; sourceTree = "<group>"; };
		F3041E9E214B8EE7005F7072 /* ScrollableCanvasView.swift */ = {isa = PBXFileReference; fileEncoding = 4; lastKnownFileType = sourcecode.swift; path = ScrollableCanvasView.swift; sourceTree = "<group>"; };
		F3041EA0214B8EF6005F7072 /* UIFocusItemScrollableContainer.storyboard */ = {isa = PBXFileReference; lastKnownFileType = file.storyboard; path = UIFocusItemScrollableContainer.storyboard; sourceTree = "<group>"; };
		F3108D052133A43700E9B6B2 /* TVDigitEntrySampleViewController.swift */ = {isa = PBXFileReference; fileEncoding = 4; lastKnownFileType = sourcecode.swift; path = TVDigitEntrySampleViewController.swift; sourceTree = "<group>"; };
		F3108D072133A44900E9B6B2 /* TVDigitEntryViewController.storyboard */ = {isa = PBXFileReference; lastKnownFileType = file.storyboard; path = TVDigitEntryViewController.storyboard; sourceTree = "<group>"; };
		F3108D092133A5EC00E9B6B2 /* TVLockupView.storyboard */ = {isa = PBXFileReference; lastKnownFileType = file.storyboard; path = TVLockupView.storyboard; sourceTree = "<group>"; };
		F3108D0B2133A60D00E9B6B2 /* TVLockupViewSampleController.swift */ = {isa = PBXFileReference; fileEncoding = 4; lastKnownFileType = sourcecode.swift; path = TVLockupViewSampleController.swift; sourceTree = "<group>"; };
		F33CB4EC2138F69300D81ADB /* Debug.storyboard */ = {isa = PBXFileReference; lastKnownFileType = file.storyboard; path = Debug.storyboard; sourceTree = "<group>"; };
		F33CB4EE2138F7DB00D81ADB /* RawCollectionView.storyboard */ = {isa = PBXFileReference; lastKnownFileType = file.storyboard; path = RawCollectionView.storyboard; sourceTree = "<group>"; };
		F33CB4F02138F8DF00D81ADB /* RawCollectionViewSampleController.swift */ = {isa = PBXFileReference; fileEncoding = 4; lastKnownFileType = sourcecode.swift; path = RawCollectionViewSampleController.swift; sourceTree = "<group>"; };
		F33CB4F22138FB1D00D81ADB /* RawCollectionViewWithButtonSampleController.swift */ = {isa = PBXFileReference; fileEncoding = 4; lastKnownFileType = sourcecode.swift; path = RawCollectionViewWithButtonSampleController.swift; sourceTree = "<group>"; };
		F33CB4F42138FBC100D81ADB /* RawCollectionViewWithButton.storyboard */ = {isa = PBXFileReference; lastKnownFileType = file.storyboard; path = RawCollectionViewWithButton.storyboard; sourceTree = "<group>"; };
		F33CB4F62138FD3000D81ADB /* FocusableCollectionViewSampleController.swift */ = {isa = PBXFileReference; fileEncoding = 4; lastKnownFileType = sourcecode.swift; path = FocusableCollectionViewSampleController.swift; sourceTree = "<group>"; };
		F33CB4F82138FD4400D81ADB /* FocusableRawCollectionView.storyboard */ = {isa = PBXFileReference; lastKnownFileType = file.storyboard; path = FocusableRawCollectionView.storyboard; sourceTree = "<group>"; };
		F33CB4FA2138FDC200D81ADB /* FocusableImageView.swift */ = {isa = PBXFileReference; fileEncoding = 4; lastKnownFileType = sourcecode.swift; path = FocusableImageView.swift; sourceTree = "<group>"; };
		F350738A214CAD2C00FD897F /* Accessibility.storyboard */ = {isa = PBXFileReference; lastKnownFileType = file.storyboard; path = Accessibility.storyboard; sourceTree = "<group>"; };
		F350738C214CAD8400FD897F /* AccessibilitySampleViewController.swift */ = {isa = PBXFileReference; fileEncoding = 4; lastKnownFileType = sourcecode.swift; path = AccessibilitySampleViewController.swift; sourceTree = "<group>"; };
		F35794E42147B2A600C466E6 /* UIKit.storyboard */ = {isa = PBXFileReference; lastKnownFileType = file.storyboard; path = UIKit.storyboard; sourceTree = "<group>"; };
		F35794E62147B2FE00C466E6 /* UILabel.storyboard */ = {isa = PBXFileReference; lastKnownFileType = file.storyboard; path = UILabel.storyboard; sourceTree = "<group>"; };
		F35794E82147B4A400C466E6 /* UILabelSampleViewController.swift */ = {isa = PBXFileReference; fileEncoding = 4; lastKnownFileType = sourcecode.swift; path = UILabelSampleViewController.swift; sourceTree = "<group>"; };
		F35879732135722B008C4697 /* FaceView.swift */ = {isa = PBXFileReference; fileEncoding = 4; lastKnownFileType = sourcecode.swift; path = FaceView.swift; sourceTree = "<group>"; };
		F358797521357239008C4697 /* FaceView.xib */ = {isa = PBXFileReference; lastKnownFileType = file.xib; path = FaceView.xib; sourceTree = "<group>"; };
		F358797721357373008C4697 /* UIView+Inspectable.swift */ = {isa = PBXFileReference; fileEncoding = 4; lastKnownFileType = sourcecode.swift; path = "UIView+Inspectable.swift"; sourceTree = "<group>"; };
		F398D33F2131402D00F4E075 /* TVPosterView.storyboard */ = {isa = PBXFileReference; lastKnownFileType = file.storyboard; path = TVPosterView.storyboard; sourceTree = "<group>"; };
		F398D341213143B700F4E075 /* TVPosterViewSampleController.swift */ = {isa = PBXFileReference; fileEncoding = 4; lastKnownFileType = sourcecode.swift; path = TVPosterViewSampleController.swift; sourceTree = "<group>"; };
		F398D347213145B700F4E075 /* UIView+Utils.swift */ = {isa = PBXFileReference; fileEncoding = 4; lastKnownFileType = sourcecode.swift; path = "UIView+Utils.swift"; sourceTree = "<group>"; };
		F398D34A21325B9D00F4E075 /* Book.swift */ = {isa = PBXFileReference; fileEncoding = 4; lastKnownFileType = sourcecode.swift; path = Book.swift; sourceTree = "<group>"; };
		F398D34C21325B9D00F4E075 /* SampleBooks.swift */ = {isa = PBXFileReference; fileEncoding = 4; lastKnownFileType = sourcecode.swift; path = SampleBooks.swift; sourceTree = "<group>"; };
		F3B28C86213740880076E8A2 /* PasswordAutoFill.storyboard */ = {isa = PBXFileReference; lastKnownFileType = file.storyboard; path = PasswordAutoFill.storyboard; sourceTree = "<group>"; };
		F3B28C882137453E0076E8A2 /* PasswordAutoFillSampleViewController.swift */ = {isa = PBXFileReference; fileEncoding = 4; lastKnownFileType = sourcecode.swift; path = PasswordAutoFillSampleViewController.swift; sourceTree = "<group>"; };
		F3C03F43212E9CF8002F69C2 /* app.app */ = {isa = PBXFileReference; explicitFileType = wrapper.application; includeInIndex = 0; path = app.app; sourceTree = BUILT_PRODUCTS_DIR; };
		F3C03F4F212E9CFA002F69C2 /* Info.plist */ = {isa = PBXFileReference; lastKnownFileType = text.plist.xml; path = Info.plist; sourceTree = "<group>"; };
		F3C03F58212E9E62002F69C2 /* AppDelegate.swift */ = {isa = PBXFileReference; fileEncoding = 4; lastKnownFileType = sourcecode.swift; path = AppDelegate.swift; sourceTree = "<group>"; };
		F3C03F5B212E9E62002F69C2 /* Main.storyboard */ = {isa = PBXFileReference; fileEncoding = 4; lastKnownFileType = file.storyboard; path = Main.storyboard; sourceTree = "<group>"; };
		F3C03F5C212E9E62002F69C2 /* Assets.xcassets */ = {isa = PBXFileReference; lastKnownFileType = folder.assetcatalog; path = Assets.xcassets; sourceTree = "<group>"; };
		F3C03F61212E9EEE002F69C2 /* TVUIKit.storyboard */ = {isa = PBXFileReference; lastKnownFileType = file.storyboard; path = TVUIKit.storyboard; sourceTree = "<group>"; };
		F3CD465A21369FEB00E8BE4F /* app.entitlements */ = {isa = PBXFileReference; lastKnownFileType = text.plist.entitlements; path = app.entitlements; sourceTree = "<group>"; };
		F3CD465F2136A2EE00E8BE4F /* iOS.app */ = {isa = PBXFileReference; explicitFileType = wrapper.application; includeInIndex = 0; path = iOS.app; sourceTree = BUILT_PRODUCTS_DIR; };
		F3CD46612136A2EE00E8BE4F /* AppDelegate.swift */ = {isa = PBXFileReference; lastKnownFileType = sourcecode.swift; path = AppDelegate.swift; sourceTree = "<group>"; };
		F3CD46632136A2EE00E8BE4F /* ViewController.swift */ = {isa = PBXFileReference; lastKnownFileType = sourcecode.swift; path = ViewController.swift; sourceTree = "<group>"; };
		F3CD46662136A2EE00E8BE4F /* Base */ = {isa = PBXFileReference; lastKnownFileType = file.storyboard; name = Base; path = Base.lproj/Main.storyboard; sourceTree = "<group>"; };
		F3CD46682136A2F000E8BE4F /* Assets.xcassets */ = {isa = PBXFileReference; lastKnownFileType = folder.assetcatalog; path = Assets.xcassets; sourceTree = "<group>"; };
		F3CD466B2136A2F000E8BE4F /* Base */ = {isa = PBXFileReference; lastKnownFileType = file.storyboard; name = Base; path = Base.lproj/LaunchScreen.storyboard; sourceTree = "<group>"; };
		F3CD466D2136A2F000E8BE4F /* Info.plist */ = {isa = PBXFileReference; lastKnownFileType = text.plist.xml; path = Info.plist; sourceTree = "<group>"; };
		F3CD46712136A31900E8BE4F /* iOS.entitlements */ = {isa = PBXFileReference; lastKnownFileType = text.plist.entitlements; path = iOS.entitlements; sourceTree = "<group>"; };
		F3E9C2B02132AEB500AD96F3 /* BookCardView.xib */ = {isa = PBXFileReference; lastKnownFileType = file.xib; path = BookCardView.xib; sourceTree = "<group>"; };
		F3E9C2B32132AFE700AD96F3 /* BookCardView.swift */ = {isa = PBXFileReference; fileEncoding = 4; lastKnownFileType = sourcecode.swift; path = BookCardView.swift; sourceTree = "<group>"; };
		F3E9C2B52132B0F500AD96F3 /* TVCardView.storyboard */ = {isa = PBXFileReference; lastKnownFileType = file.storyboard; path = TVCardView.storyboard; sourceTree = "<group>"; };
		F3E9C2B72132B13400AD96F3 /* TVCardViewSampleViewController.swift */ = {isa = PBXFileReference; fileEncoding = 4; lastKnownFileType = sourcecode.swift; path = TVCardViewSampleViewController.swift; sourceTree = "<group>"; };
		F3E9C2BB2132B67600AD96F3 /* UINib+Util.swift */ = {isa = PBXFileReference; fileEncoding = 4; lastKnownFileType = sourcecode.swift; path = "UINib+Util.swift"; sourceTree = "<group>"; };
		F3E9C2BD2132F83C00AD96F3 /* TVMonogramViewSampleViewController.swift */ = {isa = PBXFileReference; fileEncoding = 4; lastKnownFileType = sourcecode.swift; path = TVMonogramViewSampleViewController.swift; sourceTree = "<group>"; };
		F3E9C2BF2132F85100AD96F3 /* TVMonogramView.storyboard */ = {isa = PBXFileReference; lastKnownFileType = file.storyboard; path = TVMonogramView.storyboard; sourceTree = "<group>"; };
		F3E9C2C12132FA5500AD96F3 /* SampleAuthors.swift */ = {isa = PBXFileReference; fileEncoding = 4; lastKnownFileType = sourcecode.swift; path = SampleAuthors.swift; sourceTree = "<group>"; };
		F3E9C2C32132FA5C00AD96F3 /* Author.swift */ = {isa = PBXFileReference; fileEncoding = 4; lastKnownFileType = sourcecode.swift; path = Author.swift; sourceTree = "<group>"; };
		F3F80B68213290190086BBFB /* ButtonObject.swift */ = {isa = PBXFileReference; fileEncoding = 4; lastKnownFileType = sourcecode.swift; path = ButtonObject.swift; sourceTree = "<group>"; };
		F3F80B6A213290D20086BBFB /* SampleButtonObjects.swift */ = {isa = PBXFileReference; fileEncoding = 4; lastKnownFileType = sourcecode.swift; path = SampleButtonObjects.swift; sourceTree = "<group>"; };
		F3F80B6C2132911E0086BBFB /* TVCaptionButtonView.storyboard */ = {isa = PBXFileReference; lastKnownFileType = file.storyboard; path = TVCaptionButtonView.storyboard; sourceTree = "<group>"; };
		F3F80B6E213292620086BBFB /* TVCaptionButtonViewSampleController.swift */ = {isa = PBXFileReference; fileEncoding = 4; lastKnownFileType = sourcecode.swift; path = TVCaptionButtonViewSampleController.swift; sourceTree = "<group>"; };
/* End PBXFileReference section */

/* Begin PBXFrameworksBuildPhase section */
		F3C03F40212E9CF8002F69C2 /* Frameworks */ = {
			isa = PBXFrameworksBuildPhase;
			buildActionMask = 2147483647;
			files = (
			);
			runOnlyForDeploymentPostprocessing = 0;
		};
		F3CD465C2136A2EE00E8BE4F /* Frameworks */ = {
			isa = PBXFrameworksBuildPhase;
			buildActionMask = 2147483647;
			files = (
			);
			runOnlyForDeploymentPostprocessing = 0;
		};
/* End PBXFrameworksBuildPhase section */

/* Begin PBXGroup section */
		F398D346213145B700F4E075 /* extension */ = {
			isa = PBXGroup;
			children = (
				F398D347213145B700F4E075 /* UIView+Utils.swift */,
				F358797721357373008C4697 /* UIView+Inspectable.swift */,
				F3E9C2BB2132B67600AD96F3 /* UINib+Util.swift */,
			);
			path = extension;
			sourceTree = "<group>";
		};
		F398D34921325B9D00F4E075 /* model */ = {
			isa = PBXGroup;
			children = (
				F398D34A21325B9D00F4E075 /* Book.swift */,
				F3F80B68213290190086BBFB /* ButtonObject.swift */,
				F3E9C2C32132FA5C00AD96F3 /* Author.swift */,
			);
			path = model;
			sourceTree = "<group>";
		};
		F398D34B21325B9D00F4E075 /* dataSource */ = {
			isa = PBXGroup;
			children = (
				F398D34C21325B9D00F4E075 /* SampleBooks.swift */,
				F3F80B6A213290D20086BBFB /* SampleButtonObjects.swift */,
				F3E9C2C12132FA5500AD96F3 /* SampleAuthors.swift */,
			);
			path = dataSource;
			sourceTree = "<group>";
		};
		F3C03F3A212E9CF8002F69C2 = {
			isa = PBXGroup;
			children = (
				F3C03F45212E9CF8002F69C2 /* app */,
				F3CD46602136A2EE00E8BE4F /* iOS */,
				F3C03F44212E9CF8002F69C2 /* Products */,
			);
			sourceTree = "<group>";
		};
		F3C03F44212E9CF8002F69C2 /* Products */ = {
			isa = PBXGroup;
			children = (
				F3C03F43212E9CF8002F69C2 /* app.app */,
				F3CD465F2136A2EE00E8BE4F /* iOS.app */,
			);
			name = Products;
			sourceTree = "<group>";
		};
		F3C03F45212E9CF8002F69C2 /* app */ = {
			isa = PBXGroup;
			children = (
				F3CD465A21369FEB00E8BE4F /* app.entitlements */,
				F3C03F4F212E9CFA002F69C2 /* Info.plist */,
				F3C03F55212E9E62002F69C2 /* code */,
				F3C03F59212E9E62002F69C2 /* resource */,
			);
			path = app;
			sourceTree = "<group>";
		};
		F3C03F55212E9E62002F69C2 /* code */ = {
			isa = PBXGroup;
			children = (
				F398D34921325B9D00F4E075 /* model */,
				F3E9C2B22132AFE700AD96F3 /* view */,
				F3C03F56212E9E62002F69C2 /* controller */,
				F398D34B21325B9D00F4E075 /* dataSource */,
				F398D346213145B700F4E075 /* extension */,
			);
			path = code;
			sourceTree = "<group>";
		};
		F3C03F56212E9E62002F69C2 /* controller */ = {
			isa = PBXGroup;
			children = (
				F3C03F58212E9E62002F69C2 /* AppDelegate.swift */,
				F398D341213143B700F4E075 /* TVPosterViewSampleController.swift */,
				F3F80B6E213292620086BBFB /* TVCaptionButtonViewSampleController.swift */,
				F3E9C2B72132B13400AD96F3 /* TVCardViewSampleViewController.swift */,
				F3E9C2BD2132F83C00AD96F3 /* TVMonogramViewSampleViewController.swift */,
				F3108D0B2133A60D00E9B6B2 /* TVLockupViewSampleController.swift */,
				F3108D052133A43700E9B6B2 /* TVDigitEntrySampleViewController.swift */,
				F3B28C882137453E0076E8A2 /* PasswordAutoFillSampleViewController.swift */,
				F33CB4F02138F8DF00D81ADB /* RawCollectionViewSampleController.swift */,
				F33CB4F22138FB1D00D81ADB /* RawCollectionViewWithButtonSampleController.swift */,
				F33CB4F62138FD3000D81ADB /* FocusableCollectionViewSampleController.swift */,
				F35794E82147B4A400C466E6 /* UILabelSampleViewController.swift */,
				F350738C214CAD8400FD897F /* AccessibilitySampleViewController.swift */,
			);
			path = controller;
			sourceTree = "<group>";
		};
		F3C03F59212E9E62002F69C2 /* resource */ = {
			isa = PBXGroup;
			children = (
				F3C03F5A212E9E62002F69C2 /* storyboard */,
				F3E9C2AF2132AE9D00AD96F3 /* xib */,
				F3C03F5C212E9E62002F69C2 /* Assets.xcassets */,
			);
			path = resource;
			sourceTree = "<group>";
		};
		F3C03F5A212E9E62002F69C2 /* storyboard */ = {
			isa = PBXGroup;
			children = (
				F3C03F5B212E9E62002F69C2 /* Main.storyboard */,
				F3C03F61212E9EEE002F69C2 /* TVUIKit.storyboard */,
				F398D33F2131402D00F4E075 /* TVPosterView.storyboard */,
				F3F80B6C2132911E0086BBFB /* TVCaptionButtonView.storyboard */,
				F3E9C2B52132B0F500AD96F3 /* TVCardView.storyboard */,
				F3E9C2BF2132F85100AD96F3 /* TVMonogramView.storyboard */,
				F3108D092133A5EC00E9B6B2 /* TVLockupView.storyboard */,
				F3108D072133A44900E9B6B2 /* TVDigitEntryViewController.storyboard */,
				F3B28C86213740880076E8A2 /* PasswordAutoFill.storyboard */,
				F35794E42147B2A600C466E6 /* UIKit.storyboard */,
				F35794E62147B2FE00C466E6 /* UILabel.storyboard */,
				F3041E8C214A22AC005F7072 /* Focus.storyboard */,
				F3041E8E214A232D005F7072 /* UIFocusItemContainer.storyboard */,
				F3041E96214B1959005F7072 /* UIFocusItemContainerWithMovement.storyboard */,
				F3041E94214A6904005F7072 /* DoubleFocusItemContainer.storyboard */,
				F3041E9C214B839F005F7072 /* UIKitBaseContainer.storyboard */,
				F3041EA0214B8EF6005F7072 /* UIFocusItemScrollableContainer.storyboard */,
				F350738A214CAD2C00FD897F /* Accessibility.storyboard */,
				F33CB4EC2138F69300D81ADB /* Debug.storyboard */,
				F33CB4EE2138F7DB00D81ADB /* RawCollectionView.storyboard */,
				F33CB4F42138FBC100D81ADB /* RawCollectionViewWithButton.storyboard */,
				F33CB4F82138FD4400D81ADB /* FocusableRawCollectionView.storyboard */,
			);
			path = storyboard;
			sourceTree = "<group>";
		};
		F3CD46602136A2EE00E8BE4F /* iOS */ = {
			isa = PBXGroup;
			children = (
				F3CD46712136A31900E8BE4F /* iOS.entitlements */,
				F3CD46612136A2EE00E8BE4F /* AppDelegate.swift */,
				F3CD46632136A2EE00E8BE4F /* ViewController.swift */,
				F3CD46652136A2EE00E8BE4F /* Main.storyboard */,
				F3CD46682136A2F000E8BE4F /* Assets.xcassets */,
				F3CD466A2136A2F000E8BE4F /* LaunchScreen.storyboard */,
				F3CD466D2136A2F000E8BE4F /* Info.plist */,
			);
			path = iOS;
			sourceTree = "<group>";
		};
		F3E9C2AF2132AE9D00AD96F3 /* xib */ = {
			isa = PBXGroup;
			children = (
				F3E9C2B02132AEB500AD96F3 /* BookCardView.xib */,
				F358797521357239008C4697 /* FaceView.xib */,
			);
			path = xib;
			sourceTree = "<group>";
		};
		F3E9C2B22132AFE700AD96F3 /* view */ = {
			isa = PBXGroup;
			children = (
				F3E9C2B32132AFE700AD96F3 /* BookCardView.swift */,
				F35879732135722B008C4697 /* FaceView.swift */,
				F33CB4FA2138FDC200D81ADB /* FocusableImageView.swift */,
				F3041E92214A251A005F7072 /* CanvasView.swift */,
				F3041E98214B1A2E005F7072 /* MoveCanvasView.swift */,
				F3041E9A214B8387005F7072 /* UIKitBaseCanvasView.swift */,
				F3041E9E214B8EE7005F7072 /* ScrollableCanvasView.swift */,
			);
			path = view;
			sourceTree = "<group>";
		};
/* End PBXGroup section */

/* Begin PBXNativeTarget section */
		F3C03F42212E9CF8002F69C2 /* app */ = {
			isa = PBXNativeTarget;
			buildConfigurationList = F3C03F52212E9CFA002F69C2 /* Build configuration list for PBXNativeTarget "app" */;
			buildPhases = (
				F3C03F3F212E9CF8002F69C2 /* Sources */,
				F3C03F40212E9CF8002F69C2 /* Frameworks */,
				F3C03F41212E9CF8002F69C2 /* Resources */,
			);
			buildRules = (
			);
			dependencies = (
			);
			name = app;
			productName = tvOS12Samples;
			productReference = F3C03F43212E9CF8002F69C2 /* app.app */;
			productType = "com.apple.product-type.application";
		};
		F3CD465E2136A2EE00E8BE4F /* iOS */ = {
			isa = PBXNativeTarget;
			buildConfigurationList = F3CD466E2136A2F000E8BE4F /* Build configuration list for PBXNativeTarget "iOS" */;
			buildPhases = (
				F3CD465B2136A2EE00E8BE4F /* Sources */,
				F3CD465C2136A2EE00E8BE4F /* Frameworks */,
				F3CD465D2136A2EE00E8BE4F /* Resources */,
			);
			buildRules = (
			);
			dependencies = (
			);
			name = iOS;
			productName = iOS;
			productReference = F3CD465F2136A2EE00E8BE4F /* iOS.app */;
			productType = "com.apple.product-type.application";
		};
/* End PBXNativeTarget section */

/* Begin PBXProject section */
		F3C03F3B212E9CF8002F69C2 /* Project object */ = {
			isa = PBXProject;
			attributes = {
				LastSwiftUpdateCheck = 1000;
				LastUpgradeCheck = 1000;
				ORGANIZATIONNAME = Spinners;
				TargetAttributes = {
					F3C03F42212E9CF8002F69C2 = {
						CreatedOnToolsVersion = 10.0;
						SystemCapabilities = {
							com.apple.ApplicationGroups.iOS = {
								enabled = 0;
							};
							com.apple.SafariKeychain = {
								enabled = 1;
							};
						};
					};
					F3CD465E2136A2EE00E8BE4F = {
						CreatedOnToolsVersion = 10.0;
						SystemCapabilities = {
							com.apple.SafariKeychain = {
								enabled = 1;
							};
						};
					};
				};
			};
			buildConfigurationList = F3C03F3E212E9CF8002F69C2 /* Build configuration list for PBXProject "tvOS12Samples" */;
			compatibilityVersion = "Xcode 9.3";
			developmentRegion = en;
			hasScannedForEncodings = 0;
			knownRegions = (
				en,
				Base,
			);
			mainGroup = F3C03F3A212E9CF8002F69C2;
			productRefGroup = F3C03F44212E9CF8002F69C2 /* Products */;
			projectDirPath = "";
			projectRoot = "";
			targets = (
				F3C03F42212E9CF8002F69C2 /* app */,
				F3CD465E2136A2EE00E8BE4F /* iOS */,
			);
		};
/* End PBXProject section */

/* Begin PBXResourcesBuildPhase section */
		F3C03F41212E9CF8002F69C2 /* Resources */ = {
			isa = PBXResourcesBuildPhase;
			buildActionMask = 2147483647;
			files = (
				F358797621357239008C4697 /* FaceView.xib in Resources */,
				F33CB4F92138FD4400D81ADB /* FocusableRawCollectionView.storyboard in Resources */,
				F3B28C87213740880076E8A2 /* PasswordAutoFill.storyboard in Resources */,
				F35794E72147B2FE00C466E6 /* UILabel.storyboard in Resources */,
				F33CB4ED2138F69300D81ADB /* Debug.storyboard in Resources */,
				F3041EA1214B8EF6005F7072 /* UIFocusItemScrollableContainer.storyboard in Resources */,
				F3041E97214B1959005F7072 /* UIFocusItemContainerWithMovement.storyboard in Resources */,
				F3041E8D214A22AC005F7072 /* Focus.storyboard in Resources */,
				F3041E8F214A232D005F7072 /* UIFocusItemContainer.storyboard in Resources */,
				F3E9C2B62132B0F500AD96F3 /* TVCardView.storyboard in Resources */,
				F3F80B6D2132911E0086BBFB /* TVCaptionButtonView.storyboard in Resources */,
				F3041E95214A6904005F7072 /* DoubleFocusItemContainer.storyboard in Resources */,
				F398D3402131402D00F4E075 /* TVPosterView.storyboard in Resources */,
				F33CB4EF2138F7DB00D81ADB /* RawCollectionView.storyboard in Resources */,
				F3108D082133A44900E9B6B2 /* TVDigitEntryViewController.storyboard in Resources */,
				F3E9C2B12132AEB500AD96F3 /* BookCardView.xib in Resources */,
				F3C03F62212E9EEE002F69C2 /* TVUIKit.storyboard in Resources */,
				F3041E9D214B839F005F7072 /* UIKitBaseContainer.storyboard in Resources */,
				F35794E52147B2A600C466E6 /* UIKit.storyboard in Resources */,
				F3E9C2C02132F85100AD96F3 /* TVMonogramView.storyboard in Resources */,
				F3C03F60212E9E62002F69C2 /* Assets.xcassets in Resources */,
				F3C03F5F212E9E62002F69C2 /* Main.storyboard in Resources */,
				F3108D0A2133A5EC00E9B6B2 /* TVLockupView.storyboard in Resources */,
				F350738B214CAD2C00FD897F /* Accessibility.storyboard in Resources */,
				F33CB4F52138FBC100D81ADB /* RawCollectionViewWithButton.storyboard in Resources */,
			);
			runOnlyForDeploymentPostprocessing = 0;
		};
		F3CD465D2136A2EE00E8BE4F /* Resources */ = {
			isa = PBXResourcesBuildPhase;
			buildActionMask = 2147483647;
			files = (
				F3CD466C2136A2F000E8BE4F /* LaunchScreen.storyboard in Resources */,
				F3CD46692136A2F000E8BE4F /* Assets.xcassets in Resources */,
				F3CD46672136A2EE00E8BE4F /* Main.storyboard in Resources */,
			);
			runOnlyForDeploymentPostprocessing = 0;
		};
/* End PBXResourcesBuildPhase section */

/* Begin PBXSourcesBuildPhase section */
		F3C03F3F212E9CF8002F69C2 /* Sources */ = {
			isa = PBXSourcesBuildPhase;
			buildActionMask = 2147483647;
			files = (
				F398D34D21325B9D00F4E075 /* Book.swift in Sources */,
				F3E9C2BE2132F83C00AD96F3 /* TVMonogramViewSampleViewController.swift in Sources */,
				F350738D214CAD8400FD897F /* AccessibilitySampleViewController.swift in Sources */,
				F3041E93214A251A005F7072 /* CanvasView.swift in Sources */,
				F3B28C892137453E0076E8A2 /* PasswordAutoFillSampleViewController.swift in Sources */,
				F33CB4F72138FD3100D81ADB /* FocusableCollectionViewSampleController.swift in Sources */,
				F33CB4F32138FB1D00D81ADB /* RawCollectionViewWithButtonSampleController.swift in Sources */,
				F35879742135722B008C4697 /* FaceView.swift in Sources */,
				F3F80B6F213292630086BBFB /* TVCaptionButtonViewSampleController.swift in Sources */,
				F33CB4F12138F8E000D81ADB /* RawCollectionViewSampleController.swift in Sources */,
				F3041E9B214B8387005F7072 /* UIKitBaseCanvasView.swift in Sources */,
				F3F80B6B213290D20086BBFB /* SampleButtonObjects.swift in Sources */,
				F3C03F5E212E9E62002F69C2 /* AppDelegate.swift in Sources */,
				F3E9C2BC2132B67600AD96F3 /* UINib+Util.swift in Sources */,
				F358797821357373008C4697 /* UIView+Inspectable.swift in Sources */,
				F398D34E21325B9D00F4E075 /* SampleBooks.swift in Sources */,
				F398D348213145B700F4E075 /* UIView+Utils.swift in Sources */,
				F3E9C2C22132FA5500AD96F3 /* SampleAuthors.swift in Sources */,
				F3F80B69213290190086BBFB /* ButtonObject.swift in Sources */,
				F3E9C2B82132B13400AD96F3 /* TVCardViewSampleViewController.swift in Sources */,
				F35794E92147B4A400C466E6 /* UILabelSampleViewController.swift in Sources */,
				F3E9C2B42132AFE700AD96F3 /* BookCardView.swift in Sources */,
				F3E9C2C42132FA5C00AD96F3 /* Author.swift in Sources */,
				F3041E99214B1A2E005F7072 /* MoveCanvasView.swift in Sources */,
				F3041E9F214B8EE8005F7072 /* ScrollableCanvasView.swift in Sources */,
				F398D342213143B700F4E075 /* TVPosterViewSampleController.swift in Sources */,
				F3108D0C2133A60D00E9B6B2 /* TVLockupViewSampleController.swift in Sources */,
				F33CB4FB2138FDC200D81ADB /* FocusableImageView.swift in Sources */,
				F3108D062133A43700E9B6B2 /* TVDigitEntrySampleViewController.swift in Sources */,
			);
			runOnlyForDeploymentPostprocessing = 0;
		};
		F3CD465B2136A2EE00E8BE4F /* Sources */ = {
			isa = PBXSourcesBuildPhase;
			buildActionMask = 2147483647;
			files = (
				F3CD46642136A2EE00E8BE4F /* ViewController.swift in Sources */,
				F3CD46622136A2EE00E8BE4F /* AppDelegate.swift in Sources */,
			);
			runOnlyForDeploymentPostprocessing = 0;
		};
/* End PBXSourcesBuildPhase section */

/* Begin PBXVariantGroup section */
		F3CD46652136A2EE00E8BE4F /* Main.storyboard */ = {
			isa = PBXVariantGroup;
			children = (
				F3CD46662136A2EE00E8BE4F /* Base */,
			);
			name = Main.storyboard;
			sourceTree = "<group>";
		};
		F3CD466A2136A2F000E8BE4F /* LaunchScreen.storyboard */ = {
			isa = PBXVariantGroup;
			children = (
				F3CD466B2136A2F000E8BE4F /* Base */,
			);
			name = LaunchScreen.storyboard;
			sourceTree = "<group>";
		};
/* End PBXVariantGroup section */

/* Begin XCBuildConfiguration section */
		F3C03F50212E9CFA002F69C2 /* Debug */ = {
			isa = XCBuildConfiguration;
			buildSettings = {
				ALWAYS_SEARCH_USER_PATHS = NO;
				CLANG_ANALYZER_NONNULL = YES;
				CLANG_ANALYZER_NUMBER_OBJECT_CONVERSION = YES_AGGRESSIVE;
				CLANG_CXX_LANGUAGE_STANDARD = "gnu++14";
				CLANG_CXX_LIBRARY = "libc++";
				CLANG_ENABLE_MODULES = YES;
				CLANG_ENABLE_OBJC_ARC = YES;
				CLANG_ENABLE_OBJC_WEAK = YES;
				CLANG_WARN_BLOCK_CAPTURE_AUTORELEASING = YES;
				CLANG_WARN_BOOL_CONVERSION = YES;
				CLANG_WARN_COMMA = YES;
				CLANG_WARN_CONSTANT_CONVERSION = YES;
				CLANG_WARN_DEPRECATED_OBJC_IMPLEMENTATIONS = YES;
				CLANG_WARN_DIRECT_OBJC_ISA_USAGE = YES_ERROR;
				CLANG_WARN_DOCUMENTATION_COMMENTS = YES;
				CLANG_WARN_EMPTY_BODY = YES;
				CLANG_WARN_ENUM_CONVERSION = YES;
				CLANG_WARN_INFINITE_RECURSION = YES;
				CLANG_WARN_INT_CONVERSION = YES;
				CLANG_WARN_NON_LITERAL_NULL_CONVERSION = YES;
				CLANG_WARN_OBJC_IMPLICIT_RETAIN_SELF = YES;
				CLANG_WARN_OBJC_LITERAL_CONVERSION = YES;
				CLANG_WARN_OBJC_ROOT_CLASS = YES_ERROR;
				CLANG_WARN_RANGE_LOOP_ANALYSIS = YES;
				CLANG_WARN_STRICT_PROTOTYPES = YES;
				CLANG_WARN_SUSPICIOUS_MOVE = YES;
				CLANG_WARN_UNGUARDED_AVAILABILITY = YES_AGGRESSIVE;
				CLANG_WARN_UNREACHABLE_CODE = YES;
				CLANG_WARN__DUPLICATE_METHOD_MATCH = YES;
				COPY_PHASE_STRIP = NO;
				DEBUG_INFORMATION_FORMAT = dwarf;
				ENABLE_STRICT_OBJC_MSGSEND = YES;
				ENABLE_TESTABILITY = YES;
				GCC_C_LANGUAGE_STANDARD = gnu11;
				GCC_DYNAMIC_NO_PIC = NO;
				GCC_NO_COMMON_BLOCKS = YES;
				GCC_OPTIMIZATION_LEVEL = 0;
				GCC_PREPROCESSOR_DEFINITIONS = (
					"DEBUG=1",
					"$(inherited)",
				);
				GCC_WARN_64_TO_32_BIT_CONVERSION = YES;
				GCC_WARN_ABOUT_RETURN_TYPE = YES_ERROR;
				GCC_WARN_UNDECLARED_SELECTOR = YES;
				GCC_WARN_UNINITIALIZED_AUTOS = YES_AGGRESSIVE;
				GCC_WARN_UNUSED_FUNCTION = YES;
				GCC_WARN_UNUSED_VARIABLE = YES;
				MTL_ENABLE_DEBUG_INFO = INCLUDE_SOURCE;
				MTL_FAST_MATH = YES;
				ONLY_ACTIVE_ARCH = YES;
				SDKROOT = appletvos;
				SWIFT_ACTIVE_COMPILATION_CONDITIONS = DEBUG;
				SWIFT_OPTIMIZATION_LEVEL = "-Onone";
				TVOS_DEPLOYMENT_TARGET = 12.0;
			};
			name = Debug;
		};
		F3C03F51212E9CFA002F69C2 /* Release */ = {
			isa = XCBuildConfiguration;
			buildSettings = {
				ALWAYS_SEARCH_USER_PATHS = NO;
				CLANG_ANALYZER_NONNULL = YES;
				CLANG_ANALYZER_NUMBER_OBJECT_CONVERSION = YES_AGGRESSIVE;
				CLANG_CXX_LANGUAGE_STANDARD = "gnu++14";
				CLANG_CXX_LIBRARY = "libc++";
				CLANG_ENABLE_MODULES = YES;
				CLANG_ENABLE_OBJC_ARC = YES;
				CLANG_ENABLE_OBJC_WEAK = YES;
				CLANG_WARN_BLOCK_CAPTURE_AUTORELEASING = YES;
				CLANG_WARN_BOOL_CONVERSION = YES;
				CLANG_WARN_COMMA = YES;
				CLANG_WARN_CONSTANT_CONVERSION = YES;
				CLANG_WARN_DEPRECATED_OBJC_IMPLEMENTATIONS = YES;
				CLANG_WARN_DIRECT_OBJC_ISA_USAGE = YES_ERROR;
				CLANG_WARN_DOCUMENTATION_COMMENTS = YES;
				CLANG_WARN_EMPTY_BODY = YES;
				CLANG_WARN_ENUM_CONVERSION = YES;
				CLANG_WARN_INFINITE_RECURSION = YES;
				CLANG_WARN_INT_CONVERSION = YES;
				CLANG_WARN_NON_LITERAL_NULL_CONVERSION = YES;
				CLANG_WARN_OBJC_IMPLICIT_RETAIN_SELF = YES;
				CLANG_WARN_OBJC_LITERAL_CONVERSION = YES;
				CLANG_WARN_OBJC_ROOT_CLASS = YES_ERROR;
				CLANG_WARN_RANGE_LOOP_ANALYSIS = YES;
				CLANG_WARN_STRICT_PROTOTYPES = YES;
				CLANG_WARN_SUSPICIOUS_MOVE = YES;
				CLANG_WARN_UNGUARDED_AVAILABILITY = YES_AGGRESSIVE;
				CLANG_WARN_UNREACHABLE_CODE = YES;
				CLANG_WARN__DUPLICATE_METHOD_MATCH = YES;
				COPY_PHASE_STRIP = NO;
				DEBUG_INFORMATION_FORMAT = "dwarf-with-dsym";
				ENABLE_NS_ASSERTIONS = NO;
				ENABLE_STRICT_OBJC_MSGSEND = YES;
				GCC_C_LANGUAGE_STANDARD = gnu11;
				GCC_NO_COMMON_BLOCKS = YES;
				GCC_WARN_64_TO_32_BIT_CONVERSION = YES;
				GCC_WARN_ABOUT_RETURN_TYPE = YES_ERROR;
				GCC_WARN_UNDECLARED_SELECTOR = YES;
				GCC_WARN_UNINITIALIZED_AUTOS = YES_AGGRESSIVE;
				GCC_WARN_UNUSED_FUNCTION = YES;
				GCC_WARN_UNUSED_VARIABLE = YES;
				MTL_ENABLE_DEBUG_INFO = NO;
				MTL_FAST_MATH = YES;
				SDKROOT = appletvos;
				SWIFT_COMPILATION_MODE = wholemodule;
				SWIFT_OPTIMIZATION_LEVEL = "-O";
				TVOS_DEPLOYMENT_TARGET = 12.0;
				VALIDATE_PRODUCT = YES;
			};
			name = Release;
		};
		F3C03F53212E9CFA002F69C2 /* Debug */ = {
			isa = XCBuildConfiguration;
			buildSettings = {
				ASSETCATALOG_COMPILER_APPICON_NAME = "App Icon & Top Shelf Image";
				ASSETCATALOG_COMPILER_LAUNCHIMAGE_NAME = "Launch Image";
				CODE_SIGN_ENTITLEMENTS = app/app.entitlements;
				CODE_SIGN_STYLE = Automatic;
				DEVELOPMENT_TEAM = 5AXCX2DUCQ;
				INFOPLIST_FILE = app/Info.plist;
				LD_RUNPATH_SEARCH_PATHS = (
					"$(inherited)",
					"@executable_path/Frameworks",
				);
				PRODUCT_BUNDLE_IDENTIFIER = work.spinners.www.tvos12samples;
				PRODUCT_NAME = "$(TARGET_NAME)";
				SWIFT_VERSION = 4.2;
				TARGETED_DEVICE_FAMILY = 3;
				TVOS_DEPLOYMENT_TARGET = 12.0;
			};
			name = Debug;
		};
		F3C03F54212E9CFA002F69C2 /* Release */ = {
			isa = XCBuildConfiguration;
			buildSettings = {
				ASSETCATALOG_COMPILER_APPICON_NAME = "App Icon & Top Shelf Image";
				ASSETCATALOG_COMPILER_LAUNCHIMAGE_NAME = "Launch Image";
				CODE_SIGN_ENTITLEMENTS = app/app.entitlements;
				CODE_SIGN_STYLE = Automatic;
				DEVELOPMENT_TEAM = 5AXCX2DUCQ;
				INFOPLIST_FILE = app/Info.plist;
				LD_RUNPATH_SEARCH_PATHS = (
					"$(inherited)",
					"@executable_path/Frameworks",
				);
				PRODUCT_BUNDLE_IDENTIFIER = work.spinners.www.tvos12samples;
				PRODUCT_NAME = "$(TARGET_NAME)";
				SWIFT_VERSION = 4.2;
				TARGETED_DEVICE_FAMILY = 3;
				TVOS_DEPLOYMENT_TARGET = 12.0;
			};
			name = Release;
		};
		F3CD466F2136A2F000E8BE4F /* Debug */ = {
			isa = XCBuildConfiguration;
			buildSettings = {
				ASSETCATALOG_COMPILER_APPICON_NAME = AppIcon;
				CODE_SIGN_ENTITLEMENTS = iOS/iOS.entitlements;
				CODE_SIGN_IDENTITY = "iPhone Developer";
				CODE_SIGN_STYLE = Automatic;
				DEVELOPMENT_TEAM = 5AXCX2DUCQ;
				INFOPLIST_FILE = iOS/Info.plist;
				IPHONEOS_DEPLOYMENT_TARGET = 12.0;
				LD_RUNPATH_SEARCH_PATHS = (
					"$(inherited)",
					"@executable_path/Frameworks",
				);
				PRODUCT_BUNDLE_IDENTIFIER = work.spinners.www.tvos12samples.ios;
				PRODUCT_NAME = "$(TARGET_NAME)";
				SDKROOT = iphoneos;
				SWIFT_VERSION = 4.2;
				TARGETED_DEVICE_FAMILY = "1,2";
			};
			name = Debug;
		};
		F3CD46702136A2F000E8BE4F /* Release */ = {
			isa = XCBuildConfiguration;
			buildSettings = {
				ASSETCATALOG_COMPILER_APPICON_NAME = AppIcon;
				CODE_SIGN_ENTITLEMENTS = iOS/iOS.entitlements;
				CODE_SIGN_IDENTITY = "iPhone Developer";
				CODE_SIGN_STYLE = Automatic;
				DEVELOPMENT_TEAM = 5AXCX2DUCQ;
				INFOPLIST_FILE = iOS/Info.plist;
				IPHONEOS_DEPLOYMENT_TARGET = 12.0;
				LD_RUNPATH_SEARCH_PATHS = (
					"$(inherited)",
					"@executable_path/Frameworks",
				);
				PRODUCT_BUNDLE_IDENTIFIER = work.spinners.www.tvos12samples.ios;
				PRODUCT_NAME = "$(TARGET_NAME)";
				SDKROOT = iphoneos;
				SWIFT_VERSION = 4.2;
				TARGETED_DEVICE_FAMILY = "1,2";
			};
			name = Release;
		};
/* End XCBuildConfiguration section */

/* Begin XCConfigurationList section */
		F3C03F3E212E9CF8002F69C2 /* Build configuration list for PBXProject "tvOS12Samples" */ = {
			isa = XCConfigurationList;
			buildConfigurations = (
				F3C03F50212E9CFA002F69C2 /* Debug */,
				F3C03F51212E9CFA002F69C2 /* Release */,
			);
			defaultConfigurationIsVisible = 0;
			defaultConfigurationName = Release;
		};
		F3C03F52212E9CFA002F69C2 /* Build configuration list for PBXNativeTarget "app" */ = {
			isa = XCConfigurationList;
			buildConfigurations = (
				F3C03F53212E9CFA002F69C2 /* Debug */,
				F3C03F54212E9CFA002F69C2 /* Release */,
			);
			defaultConfigurationIsVisible = 0;
			defaultConfigurationName = Release;
		};
		F3CD466E2136A2F000E8BE4F /* Build configuration list for PBXNativeTarget "iOS" */ = {
			isa = XCConfigurationList;
			buildConfigurations = (
				F3CD466F2136A2F000E8BE4F /* Debug */,
				F3CD46702136A2F000E8BE4F /* Release */,
			);
			defaultConfigurationIsVisible = 0;
			defaultConfigurationName = Release;
		};
/* End XCConfigurationList section */
	};
	rootObject = F3C03F3B212E9CF8002F69C2 /* Project object */;
}
